// !$*UTF8*$!
{
	archiveVersion = 1;
	classes = {
	};
	objectVersion = 46;
	objects = {

/* Begin PBXBuildFile section */
		F75D7FCA1D79826300313112 /* main.m in Sources */ = {isa = PBXBuildFile; fileRef = F75D7FC91D79826300313112 /* main.m */; };
		F75D7FCD1D79826300313112 /* AppDelegate.m in Sources */ = {isa = PBXBuildFile; fileRef = F75D7FCC1D79826300313112 /* AppDelegate.m */; };
		F75D7FD01D79826300313112 /* ViewController.m in Sources */ = {isa = PBXBuildFile; fileRef = F75D7FCF1D79826300313112 /* ViewController.m */; };
		F75D7FD31D79826300313112 /* Main.storyboard in Resources */ = {isa = PBXBuildFile; fileRef = F75D7FD11D79826300313112 /* Main.storyboard */; };
		F75D7FD51D79826300313112 /* Assets.xcassets in Resources */ = {isa = PBXBuildFile; fileRef = F75D7FD41D79826300313112 /* Assets.xcassets */; };
		F75D7FD81D79826300313112 /* LaunchScreen.storyboard in Resources */ = {isa = PBXBuildFile; fileRef = F75D7FD61D79826300313112 /* LaunchScreen.storyboard */; };
		F75D7FE31D79826400313112 /* hello_wordUITests.m in Sources */ = {isa = PBXBuildFile; fileRef = F75D7FE21D79826400313112 /* hello_wordUITests.m */; };
/* End PBXBuildFile section */

/* Begin PBXContainerItemProxy section */
		F75D7FDF1D79826400313112 /* PBXContainerItemProxy */ = {
			isa = PBXContainerItemProxy;
			containerPortal = F75D7FBD1D79826300313112 /* Project object */;
			proxyType = 1;
			remoteGlobalIDString = F75D7FC41D79826300313112;
			remoteInfo = "hello word";
		};
/* End PBXContainerItemProxy section */

/* Begin PBXFileReference section */
		F75D7FC51D79826300313112 /* hello word.app */ = {isa = PBXFileReference; explicitFileType = wrapper.application; includeInIndex = 0; path = "hello word.app"; sourceTree = BUILT_PRODUCTS_DIR; };
		F75D7FC91D79826300313112 /* main.m */ = {isa = PBXFileReference; lastKnownFileType = sourcecode.c.objc; path = main.m; sourceTree = "<group>"; };
		F75D7FCB1D79826300313112 /* AppDelegate.h */ = {isa = PBXFileReference; lastKnownFileType = sourcecode.c.h; path = AppDelegate.h; sourceTree = "<group>"; };
		F75D7FCC1D79826300313112 /* AppDelegate.m */ = {isa = PBXFileReference; lastKnownFileType = sourcecode.c.objc; path = AppDelegate.m; sourceTree = "<group>"; };
		F75D7FCE1D79826300313112 /* ViewController.h */ = {isa = PBXFileReference; lastKnownFileType = sourcecode.c.h; path = ViewController.h; sourceTree = "<group>"; };
		F75D7FCF1D79826300313112 /* ViewController.m */ = {isa = PBXFileReference; lastKnownFileType = sourcecode.c.objc; path = ViewController.m; sourceTree = "<group>"; };
		F75D7FD21D79826300313112 /* Base */ = {isa = PBXFileReference; lastKnownFileType = file.storyboard; name = Base; path = Base.lproj/Main.storyboard; sourceTree = "<group>"; };
		F75D7FD41D79826300313112 /* Assets.xcassets */ = {isa = PBXFileReference; lastKnownFileType = folder.assetcatalog; path = Assets.xcassets; sourceTree = "<group>"; };
		F75D7FD71D79826300313112 /* Base */ = {isa = PBXFileReference; lastKnownFileType = file.storyboard; name = Base; path = Base.lproj/LaunchScreen.storyboard; sourceTree = "<group>"; };
		F75D7FD91D79826300313112 /* Info.plist */ = {isa = PBXFileReference; lastKnownFileType = text.plist.xml; path = Info.plist; sourceTree = "<group>"; };
		F75D7FDE1D79826400313112 /* hello wordUITests.xctest */ = {isa = PBXFileReference; explicitFileType = wrapper.cfbundle; includeInIndex = 0; path = "hello wordUITests.xctest"; sourceTree = BUILT_PRODUCTS_DIR; };
		F75D7FE21D79826400313112 /* hello_wordUITests.m */ = {isa = PBXFileReference; lastKnownFileType = sourcecode.c.objc; path = hello_wordUITests.m; sourceTree = "<group>"; };
		F75D7FE41D79826400313112 /* Info.plist */ = {isa = PBXFileReference; lastKnownFileType = text.plist.xml; path = Info.plist; sourceTree = "<group>"; };
/* End PBXFileReference section */

/* Begin PBXFrameworksBuildPhase section */
		F75D7FC21D79826300313112 /* Frameworks */ = {
			isa = PBXFrameworksBuildPhase;
			buildActionMask = 2147483647;
			files = (
			);
			runOnlyForDeploymentPostprocessing = 0;
		};
		F75D7FDB1D79826400313112 /* Frameworks */ = {
			isa = PBXFrameworksBuildPhase;
			buildActionMask = 2147483647;
			files = (
			);
			runOnlyForDeploymentPostprocessing = 0;
		};
/* End PBXFrameworksBuildPhase section */

/* Begin PBXGroup section */
		F75D7FBC1D79826300313112 = {
			isa = PBXGroup;
			children = (
				F75D7FC71D79826300313112 /* hello word */,
				F75D7FE11D79826400313112 /* hello wordUITests */,
				F75D7FC61D79826300313112 /* Products */,
			);
			sourceTree = "<group>";
		};
		F75D7FC61D79826300313112 /* Products */ = {
			isa = PBXGroup;
			children = (
				F75D7FC51D79826300313112 /* hello word.app */,
				F75D7FDE1D79826400313112 /* hello wordUITests.xctest */,
			);
			name = Products;
			sourceTree = "<group>";
		};
		F75D7FC71D79826300313112 /* hello word */ = {
			isa = PBXGroup;
			children = (
				F75D7FCB1D79826300313112 /* AppDelegate.h */,
				F75D7FCC1D79826300313112 /* AppDelegate.m */,
				F75D7FCE1D79826300313112 /* ViewController.h */,
				F75D7FCF1D79826300313112 /* ViewController.m */,
				F75D7FD11D79826300313112 /* Main.storyboard */,
				F75D7FD41D79826300313112 /* Assets.xcassets */,
				F75D7FD61D79826300313112 /* LaunchScreen.storyboard */,
				F75D7FD91D79826300313112 /* Info.plist */,
				F75D7FC81D79826300313112 /* Supporting Files */,
			);
			path = "hello word";
			sourceTree = "<group>";
		};
		F75D7FC81D79826300313112 /* Supporting Files */ = {
			isa = PBXGroup;
			children = (
				F75D7FC91D79826300313112 /* main.m */,
			);
			name = "Supporting Files";
			sourceTree = "<group>";
		};
		F75D7FE11D79826400313112 /* hello wordUITests */ = {
			isa = PBXGroup;
			children = (
				F75D7FE21D79826400313112 /* hello_wordUITests.m */,
				F75D7FE41D79826400313112 /* Info.plist */,
			);
			path = "hello wordUITests";
			sourceTree = "<group>";
		};
/* End PBXGroup section */

/* Begin PBXNativeTarget section */
		F75D7FC41D79826300313112 /* hello word */ = {
			isa = PBXNativeTarget;
			buildConfigurationList = F75D7FE71D79826400313112 /* Build configuration list for PBXNativeTarget "hello word" */;
			buildPhases = (
				F75D7FC11D79826300313112 /* Sources */,
				F75D7FC21D79826300313112 /* Frameworks */,
				F75D7FC31D79826300313112 /* Resources */,
			);
			buildRules = (
			);
			dependencies = (
			);
			name = "hello word";
			productName = "hello word";
			productReference = F75D7FC51D79826300313112 /* hello word.app */;
			productType = "com.apple.product-type.application";
		};
		F75D7FDD1D79826400313112 /* hello wordUITests */ = {
			isa = PBXNativeTarget;
			buildConfigurationList = F75D7FEA1D79826400313112 /* Build configuration list for PBXNativeTarget "hello wordUITests" */;
			buildPhases = (
				F75D7FDA1D79826400313112 /* Sources */,
				F75D7FDB1D79826400313112 /* Frameworks */,
				F75D7FDC1D79826400313112 /* Resources */,
			);
			buildRules = (
			);
			dependencies = (
				F75D7FE01D79826400313112 /* PBXTargetDependency */,
			);
			name = "hello wordUITests";
			productName = "hello wordUITests";
			productReference = F75D7FDE1D79826400313112 /* hello wordUITests.xctest */;
			productType = "com.apple.product-type.bundle.ui-testing";
		};
/* End PBXNativeTarget section */

/* Begin PBXProject section */
		F75D7FBD1D79826300313112 /* Project object */ = {
			isa = PBXProject;
			attributes = {
				LastUpgradeCheck = 0720;
				ORGANIZATIONNAME = "万磊";
				TargetAttributes = {
					F75D7FC41D79826300313112 = {
						CreatedOnToolsVersion = 7.2;
						DevelopmentTeam = 37BJ54658W;
					};
					F75D7FDD1D79826400313112 = {
						CreatedOnToolsVersion = 7.2;
						DevelopmentTeam = 37BJ54658W;
						TestTargetID = F75D7FC41D79826300313112;
					};
				};
			};
			buildConfigurationList = F75D7FC01D79826300313112 /* Build configuration list for PBXProject "hello word" */;
			compatibilityVersion = "Xcode 3.2";
			developmentRegion = English;
			hasScannedForEncodings = 0;
			knownRegions = (
				en,
				Base,
			);
			mainGroup = F75D7FBC1D79826300313112;
			productRefGroup = F75D7FC61D79826300313112 /* Products */;
			projectDirPath = "";
			projectRoot = "";
			targets = (
				F75D7FC41D79826300313112 /* hello word */,
				F75D7FDD1D79826400313112 /* hello wordUITests */,
			);
		};
/* End PBXProject section */

/* Begin PBXResourcesBuildPhase section */
		F75D7FC31D79826300313112 /* Resources */ = {
			isa = PBXResourcesBuildPhase;
			buildActionMask = 2147483647;
			files = (
				F75D7FD81D79826300313112 /* LaunchScreen.storyboard in Resources */,
				F75D7FD51D79826300313112 /* Assets.xcassets in Resources */,
				F75D7FD31D79826300313112 /* Main.storyboard in Resources */,
			);
			runOnlyForDeploymentPostprocessing = 0;
		};
		F75D7FDC1D79826400313112 /* Resources */ = {
			isa = PBXResourcesBuildPhase;
			buildActionMask = 2147483647;
			files = (
			);
			runOnlyForDeploymentPostprocessing = 0;
		};
/* End PBXResourcesBuildPhase section */

/* Begin PBXSourcesBuildPhase section */
		F75D7FC11D79826300313112 /* Sources */ = {
			isa = PBXSourcesBuildPhase;
			buildActionMask = 2147483647;
			files = (
				F75D7FD01D79826300313112 /* ViewController.m in Sources */,
				F75D7FCD1D79826300313112 /* AppDelegate.m in Sources */,
				F75D7FCA1D79826300313112 /* main.m in Sources */,
			);
			runOnlyForDeploymentPostprocessing = 0;
		};
		F75D7FDA1D79826400313112 /* Sources */ = {
			isa = PBXSourcesBuildPhase;
			buildActionMask = 2147483647;
			files = (
				F75D7FE31D79826400313112 /* hello_wordUITests.m in Sources */,
			);
			runOnlyForDeploymentPostprocessing = 0;
		};
/* End PBXSourcesBuildPhase section */

/* Begin PBXTargetDependency section */
		F75D7FE01D79826400313112 /* PBXTargetDependency */ = {
			isa = PBXTargetDependency;
			target = F75D7FC41D79826300313112 /* hello word */;
			targetProxy = F75D7FDF1D79826400313112 /* PBXContainerItemProxy */;
		};
/* End PBXTargetDependency section */

/* Begin PBXVariantGroup section */
		F75D7FD11D79826300313112 /* Main.storyboard */ = {
			isa = PBXVariantGroup;
			children = (
				F75D7FD21D79826300313112 /* Base */,
			);
			name = Main.storyboard;
			sourceTree = "<group>";
		};
		F75D7FD61D79826300313112 /* LaunchScreen.storyboard */ = {
			isa = PBXVariantGroup;
			children = (
				F75D7FD71D79826300313112 /* Base */,
			);
			name = LaunchScreen.storyboard;
			sourceTree = "<group>";
		};
/* End PBXVariantGroup section */

/* Begin XCBuildConfiguration section */
		F75D7FE51D79826400313112 /* Debug */ = {
			isa = XCBuildConfiguration;
			buildSettings = {
				ALWAYS_SEARCH_USER_PATHS = NO;
				CLANG_CXX_LANGUAGE_STANDARD = "gnu++0x";
				CLANG_CXX_LIBRARY = "libc++";
				CLANG_ENABLE_MODULES = YES;
				CLANG_ENABLE_OBJC_ARC = YES;
				CLANG_WARN_BOOL_CONVERSION = YES;
				CLANG_WARN_CONSTANT_CONVERSION = YES;
				CLANG_WARN_DIRECT_OBJC_ISA_USAGE = YES_ERROR;
				CLANG_WARN_EMPTY_BODY = YES;
				CLANG_WARN_ENUM_CONVERSION = YES;
				CLANG_WARN_INT_CONVERSION = YES;
				CLANG_WARN_OBJC_ROOT_CLASS = YES_ERROR;
				CLANG_WARN_UNREACHABLE_CODE = YES;
				CLANG_WARN__DUPLICATE_METHOD_MATCH = YES;
				"CODE_SIGN_IDENTITY[sdk=iphoneos*]" = "iPhone Developer";
				COPY_PHASE_STRIP = NO;
				DEBUG_INFORMATION_FORMAT = dwarf;
				ENABLE_STRICT_OBJC_MSGSEND = YES;
				ENABLE_TESTABILITY = YES;
				GCC_C_LANGUAGE_STANDARD = gnu99;
				GCC_DYNAMIC_NO_PIC = NO;
				GCC_NO_COMMON_BLOCKS = YES;
				GCC_OPTIMIZATION_LEVEL = 0;
				GCC_PREPROCESSOR_DEFINITIONS = (
					"DEBUG=1",
					"$(inherited)",
				);
				GCC_WARN_64_TO_32_BIT_CONVERSION = YES;
				GCC_WARN_ABOUT_RETURN_TYPE = YES_ERROR;
				GCC_WARN_UNDECLARED_SELECTOR = YES;
				GCC_WARN_UNINITIALIZED_AUTOS = YES_AGGRESSIVE;
				GCC_WARN_UNUSED_FUNCTION = YES;
				GCC_WARN_UNUSED_VARIABLE = YES;
				IPHONEOS_DEPLOYMENT_TARGET = 9.2;
				MTL_ENABLE_DEBUG_INFO = YES;
				ONLY_ACTIVE_ARCH = YES;
				SDKROOT = iphoneos;
			};
			name = Debug;
		};
		F75D7FE61D79826400313112 /* Release */ = {
			isa = XCBuildConfiguration;
			buildSettings = {
				ALWAYS_SEARCH_USER_PATHS = NO;
				CLANG_CXX_LANGUAGE_STANDARD = "gnu++0x";
				CLANG_CXX_LIBRARY = "libc++";
				CLANG_ENABLE_MODULES = YES;
				CLANG_ENABLE_OBJC_ARC = YES;
				CLANG_WARN_BOOL_CONVERSION = YES;
				CLANG_WARN_CONSTANT_CONVERSION = YES;
				CLANG_WARN_DIRECT_OBJC_ISA_USAGE = YES_ERROR;
				CLANG_WARN_EMPTY_BODY = YES;
				CLANG_WARN_ENUM_CONVERSION = YES;
				CLANG_WARN_INT_CONVERSION = YES;
				CLANG_WARN_OBJC_ROOT_CLASS = YES_ERROR;
				CLANG_WARN_UNREACHABLE_CODE = YES;
				CLANG_WARN__DUPLICATE_METHOD_MATCH = YES;
				"CODE_SIGN_IDENTITY[sdk=iphoneos*]" = "iPhone Developer";
				COPY_PHASE_STRIP = NO;
				DEBUG_INFORMATION_FORMAT = "dwarf-with-dsym";
				ENABLE_NS_ASSERTIONS = NO;
				ENABLE_STRICT_OBJC_MSGSEND = YES;
				GCC_C_LANGUAGE_STANDARD = gnu99;
				GCC_NO_COMMON_BLOCKS = YES;
				GCC_WARN_64_TO_32_BIT_CONVERSION = YES;
				GCC_WARN_ABOUT_RETURN_TYPE = YES_ERROR;
				GCC_WARN_UNDECLARED_SELECTOR = YES;
				GCC_WARN_UNINITIALIZED_AUTOS = YES_AGGRESSIVE;
				GCC_WARN_UNUSED_FUNCTION = YES;
				GCC_WARN_UNUSED_VARIABLE = YES;
				IPHONEOS_DEPLOYMENT_TARGET = 9.2;
				MTL_ENABLE_DEBUG_INFO = NO;
				SDKROOT = iphoneos;
				VALIDATE_PRODUCT = YES;
			};
			name = Release;
		};
		F75D7FE81D79826400313112 /* Debug */ = {
			isa = XCBuildConfiguration;
			buildSettings = {
				ASSETCATALOG_COMPILER_APPICON_NAME = AppIcon;
				INFOPLIST_FILE = "hello word/Info.plist";
				LD_RUNPATH_SEARCH_PATHS = "$(inherited) @executable_path/Frameworks";
				PRODUCT_BUNDLE_IDENTIFIER = "codoon.hello-word";
				PRODUCT_NAME = "$(TARGET_NAME)";
			};
			name = Debug;
		};
		F75D7FE91D79826400313112 /* Release */ = {
			isa = XCBuildConfiguration;
			buildSettings = {
				ASSETCATALOG_COMPILER_APPICON_NAME = AppIcon;
				INFOPLIST_FILE = "hello word/Info.plist";
				LD_RUNPATH_SEARCH_PATHS = "$(inherited) @executable_path/Frameworks";
				PRODUCT_BUNDLE_IDENTIFIER = "codoon.hello-word";
				PRODUCT_NAME = "$(TARGET_NAME)";
			};
			name = Release;
		};
		F75D7FEB1D79826400313112 /* Debug */ = {
			isa = XCBuildConfiguration;
			buildSettings = {
				INFOPLIST_FILE = "hello wordUITests/Info.plist";
				LD_RUNPATH_SEARCH_PATHS = "$(inherited) @executable_path/Frameworks @loader_path/Frameworks";
				PRODUCT_BUNDLE_IDENTIFIER = "codoon.hello-wordUITests";
				PRODUCT_NAME = "$(TARGET_NAME)";
				TEST_TARGET_NAME = "hello word";
				USES_XCTRUNNER = YES;
			};
			name = Debug;
		};
		F75D7FEC1D79826400313112 /* Release */ = {
			isa = XCBuildConfiguration;
			buildSettings = {
				INFOPLIST_FILE = "hello wordUITests/Info.plist";
				LD_RUNPATH_SEARCH_PATHS = "$(inherited) @executable_path/Frameworks @loader_path/Frameworks";
				PRODUCT_BUNDLE_IDENTIFIER = "codoon.hello-wordUITests";
				PRODUCT_NAME = "$(TARGET_NAME)";
				TEST_TARGET_NAME = "hello word";
				USES_XCTRUNNER = YES;
			};
			name = Release;
		};
/* End XCBuildConfiguration section */

/* Begin XCConfigurationList section */
		F75D7FC01D79826300313112 /* Build configuration list for PBXProject "hello word" */ = {
			isa = XCConfigurationList;
			buildConfigurations = (
				F75D7FE51D79826400313112 /* Debug */,
				F75D7FE61D79826400313112 /* Release */,
			);
			defaultConfigurationIsVisible = 0;
			defaultConfigurationName = Release;
		};
		F75D7FE71D79826400313112 /* Build configuration list for PBXNativeTarget "hello word" */ = {
			isa = XCConfigurationList;
			buildConfigurations = (
				F75D7FE81D79826400313112 /* Debug */,
				F75D7FE91D79826400313112 /* Release */,
			);
			defaultConfigurationIsVisible = 0;
		};
		F75D7FEA1D79826400313112 /* Build configuration list for PBXNativeTarget "hello wordUITests" */ = {
			isa = XCConfigurationList;
			buildConfigurations = (
				F75D7FEB1D79826400313112 /* Debug */,
				F75D7FEC1D79826400313112 /* Release */,
			);
			defaultConfigurationIsVisible = 0;
		};
/* End XCConfigurationList section */
	};
	rootObject = F75D7FBD1D79826300313112 /* Project object */;
}
